
Microsoft Visual Studio Solution File, Format Version 12.00
# Visual Studio Version 16
VisualStudioVersion = 16.0.31729.503
MinimumVisualStudioVersion = 10.0.40219.1
Project("{FAE04EC0-301F-11D3-BF4B-00C04F79EFBC}") = "Method OverLoading 2", "Method OverLoading 2.csproj", "{FBEA62FD-6410-41D0-BF00-C1AE031603BC}"
EndProject
Global
	GlobalSection(SolutionConfigurationPlatforms) = preSolution
		Debug|Any CPU = Debug|Any CPU
		Release|Any CPU = Release|Any CPU
	EndGlobalSection
	GlobalSection(ProjectConfigurationPlatforms) = postSolution
		{FBEA62FD-6410-41D0-BF00-C1AE031603BC}.Debug|Any CPU.ActiveCfg = Debug|Any CPU
		{FBEA62FD-6410-41D0-BF00-C1AE031603BC}.Debug|Any CPU.Build.0 = Debug|Any CPU
		{FBEA62FD-6410-41D0-BF00-C1AE031603BC}.Release|Any CPU.ActiveCfg = Release|Any CPU
		{FBEA62FD-6410-41D0-BF00-C1AE031603BC}.Release|Any CPU.Build.0 = Release|Any CPU
	EndGlobalSection
	GlobalSection(SolutionProperties) = preSolution
		HideSolutionNode = FALSE
	EndGlobalSection
	GlobalSection(ExtensibilityGlobals) = postSolution
		SolutionGuid = {920877C7-D4D5-4246-95F3-A86776F4638C}
	EndGlobalSection
EndGlobal
